// !$*UTF8*$!
{
	archiveVersion = 1;
	classes = {
	};
	objectVersion = 46;
	objects = {

/* Begin PBXAggregateTarget section */
		549964E71D56F66100F574C4 /* Mogenerator */ = {
			isa = PBXAggregateTarget;
			buildConfigurationList = 549964E81D56F66200F574C4 /* Build configuration list for PBXAggregateTarget "Mogenerator" */;
			buildPhases = (
				549964EB1D56F67200F574C4 /* ShellScript */,
			);
			dependencies = (
			);
			name = Mogenerator;
			productName = Mogenerator;
		};
/* End PBXAggregateTarget section */

/* Begin PBXBuildFile section */
		5410FA781D57272D0092D36F /* GameViewController.swift in Sources */ = {isa = PBXBuildFile; fileRef = 5410FA771D57272D0092D36F /* GameViewController.swift */; };
		54507BDA1D5A24300030ECEA /* _Assassin.swift in Sources */ = {isa = PBXBuildFile; fileRef = 54507BD91D5A24300030ECEA /* _Assassin.swift */; };
		54507BDC1D5A243C0030ECEA /* Assassin.swift in Sources */ = {isa = PBXBuildFile; fileRef = 54507BDB1D5A243C0030ECEA /* Assassin.swift */; };
		54507BE01D5A3FD80030ECEA /* WeaponsViewController.swift in Sources */ = {isa = PBXBuildFile; fileRef = 54507BDF1D5A3FD80030ECEA /* WeaponsViewController.swift */; };
		545EC8441D63017F0045E067 /* SceneKit.framework in Frameworks */ = {isa = PBXBuildFile; fileRef = 545EC8431D63017F0045E067 /* SceneKit.framework */; };
		545EC8471D631B490045E067 /* saber-off.wav in Resources */ = {isa = PBXBuildFile; fileRef = 545EC8451D631B490045E067 /* saber-off.wav */; };
		545EC8481D631B490045E067 /* saber-on.wav in Resources */ = {isa = PBXBuildFile; fileRef = 545EC8461D631B490045E067 /* saber-on.wav */; };
		545EC84A1D6322600045E067 /* LightsaberView.swift in Sources */ = {isa = PBXBuildFile; fileRef = 545EC8491D6322600045E067 /* LightsaberView.swift */; };
		546D7D541D53D26D0031FF90 /* AppDelegate.swift in Sources */ = {isa = PBXBuildFile; fileRef = 546D7D531D53D26D0031FF90 /* AppDelegate.swift */; };
		546D7D5B1D53D26E0031FF90 /* Main.storyboard in Resources */ = {isa = PBXBuildFile; fileRef = 546D7D591D53D26E0031FF90 /* Main.storyboard */; };
		546D7D5D1D53D26E0031FF90 /* Assets.xcassets in Resources */ = {isa = PBXBuildFile; fileRef = 546D7D5C1D53D26E0031FF90 /* Assets.xcassets */; };
		546D7D601D53D26E0031FF90 /* LaunchScreen.storyboard in Resources */ = {isa = PBXBuildFile; fileRef = 546D7D5E1D53D26E0031FF90 /* LaunchScreen.storyboard */; };
		546D7D6A1D53D2CF0031FF90 /* SensingKit.framework in Frameworks */ = {isa = PBXBuildFile; fileRef = 546D7D691D53D2CF0031FF90 /* SensingKit.framework */; };
		546D7D6F1D53FB9A0031FF90 /* RegisterViewController.swift in Sources */ = {isa = PBXBuildFile; fileRef = 546D7D6E1D53FB9A0031FF90 /* RegisterViewController.swift */; };
		547BBD701D541222004D171B /* Podfile in Resources */ = {isa = PBXBuildFile; fileRef = 547BBD6F1D541222004D171B /* Podfile */; };
		5491E8361D58021500BA7E8D /* BaseViewController.swift in Sources */ = {isa = PBXBuildFile; fileRef = 5491E8351D58021500BA7E8D /* BaseViewController.swift */; };
		5491E8381D5816AF00BA7E8D /* ProfileGameTableViewCell.swift in Sources */ = {isa = PBXBuildFile; fileRef = 5491E8371D5816AF00BA7E8D /* ProfileGameTableViewCell.swift */; };
		5491E83C1D5834A700BA7E8D /* PlayersTableViewCell.swift in Sources */ = {isa = PBXBuildFile; fileRef = 5491E83B1D5834A700BA7E8D /* PlayersTableViewCell.swift */; };
		5491E8401D58403800BA7E8D /* ChooseWeaponDefenceViewController.swift in Sources */ = {isa = PBXBuildFile; fileRef = 5491E83F1D58403800BA7E8D /* ChooseWeaponDefenceViewController.swift */; };
		5491E8581D586D0500BA7E8D /* _Defence.swift in Sources */ = {isa = PBXBuildFile; fileRef = 5491E8431D586D0500BA7E8D /* _Defence.swift */; };
		5491E8591D586D0500BA7E8D /* _Game.swift in Sources */ = {isa = PBXBuildFile; fileRef = 5491E8441D586D0500BA7E8D /* _Game.swift */; };
		5491E85A1D586D0500BA7E8D /* _Player.swift in Sources */ = {isa = PBXBuildFile; fileRef = 5491E8451D586D0500BA7E8D /* _Player.swift */; };
		5491E85B1D586D0500BA7E8D /* _PlayerDefences.swift in Sources */ = {isa = PBXBuildFile; fileRef = 5491E8461D586D0500BA7E8D /* _PlayerDefences.swift */; };
		5491E85C1D586D0500BA7E8D /* _PlayerWeapons.swift in Sources */ = {isa = PBXBuildFile; fileRef = 5491E8471D586D0500BA7E8D /* _PlayerWeapons.swift */; };
		5491E85D1D586D0500BA7E8D /* _Profile.swift in Sources */ = {isa = PBXBuildFile; fileRef = 5491E8481D586D0500BA7E8D /* _Profile.swift */; };
		5491E85E1D586D0500BA7E8D /* _Target.swift in Sources */ = {isa = PBXBuildFile; fileRef = 5491E8491D586D0500BA7E8D /* _Target.swift */; };
		5491E85F1D586D0500BA7E8D /* _User.swift in Sources */ = {isa = PBXBuildFile; fileRef = 5491E84A1D586D0500BA7E8D /* _User.swift */; };
		5491E8601D586D0500BA7E8D /* _Weapon.swift in Sources */ = {isa = PBXBuildFile; fileRef = 5491E84B1D586D0500BA7E8D /* _Weapon.swift */; };
		5491E8611D586D0500BA7E8D /* _Winner.swift in Sources */ = {isa = PBXBuildFile; fileRef = 5491E84C1D586D0500BA7E8D /* _Winner.swift */; };
		5491E8621D586D0500BA7E8D /* Defence.swift in Sources */ = {isa = PBXBuildFile; fileRef = 5491E84E1D586D0500BA7E8D /* Defence.swift */; };
		5491E8631D586D0500BA7E8D /* Game.swift in Sources */ = {isa = PBXBuildFile; fileRef = 5491E84F1D586D0500BA7E8D /* Game.swift */; };
		5491E8641D586D0500BA7E8D /* Player.swift in Sources */ = {isa = PBXBuildFile; fileRef = 5491E8501D586D0500BA7E8D /* Player.swift */; };
		5491E8651D586D0500BA7E8D /* PlayerDefences.swift in Sources */ = {isa = PBXBuildFile; fileRef = 5491E8511D586D0500BA7E8D /* PlayerDefences.swift */; };
		5491E8661D586D0500BA7E8D /* PlayerWeapons.swift in Sources */ = {isa = PBXBuildFile; fileRef = 5491E8521D586D0500BA7E8D /* PlayerWeapons.swift */; };
		5491E8671D586D0500BA7E8D /* Profile.swift in Sources */ = {isa = PBXBuildFile; fileRef = 5491E8531D586D0500BA7E8D /* Profile.swift */; };
		5491E8681D586D0500BA7E8D /* Target.swift in Sources */ = {isa = PBXBuildFile; fileRef = 5491E8541D586D0500BA7E8D /* Target.swift */; };
		5491E8691D586D0500BA7E8D /* User.swift in Sources */ = {isa = PBXBuildFile; fileRef = 5491E8551D586D0500BA7E8D /* User.swift */; };
		5491E86A1D586D0500BA7E8D /* Weapon.swift in Sources */ = {isa = PBXBuildFile; fileRef = 5491E8561D586D0500BA7E8D /* Weapon.swift */; };
		5491E86B1D586D0500BA7E8D /* Winner.swift in Sources */ = {isa = PBXBuildFile; fileRef = 5491E8571D586D0500BA7E8D /* Winner.swift */; };
		5491E86D1D5876BF00BA7E8D /* CoreDataStack.swift in Sources */ = {isa = PBXBuildFile; fileRef = 5491E86C1D5876BF00BA7E8D /* CoreDataStack.swift */; };
		5491E86F1D587E5D00BA7E8D /* Blocks.swift in Sources */ = {isa = PBXBuildFile; fileRef = 5491E86E1D587E5D00BA7E8D /* Blocks.swift */; };
		549964A91D5694EF00F574C4 /* ProfileViewController.swift in Sources */ = {isa = PBXBuildFile; fileRef = 549964A81D5694EF00F574C4 /* ProfileViewController.swift */; };
		549964AD1D569A8B00F574C4 /* AboutViewController.swift in Sources */ = {isa = PBXBuildFile; fileRef = 549964AC1D569A8B00F574C4 /* AboutViewController.swift */; };
		549964B01D569FC000F574C4 /* GamesTableViewCell.swift in Sources */ = {isa = PBXBuildFile; fileRef = 549964AE1D569FC000F574C4 /* GamesTableViewCell.swift */; };
		549964DB1D56AC4700F574C4 /* DataManager.swift in Sources */ = {isa = PBXBuildFile; fileRef = 549964DA1D56AC4700F574C4 /* DataManager.swift */; };
		549964DD1D56AC5600F574C4 /* CoreDataManager.swift in Sources */ = {isa = PBXBuildFile; fileRef = 549964DC1D56AC5600F574C4 /* CoreDataManager.swift */; };
		549964F01D56F77000F574C4 /* Constants.swift in Sources */ = {isa = PBXBuildFile; fileRef = 549964EC1D56F77000F574C4 /* Constants.swift */; };
		549964F11D56F77000F574C4 /* Helper.swift in Sources */ = {isa = PBXBuildFile; fileRef = 549964ED1D56F77000F574C4 /* Helper.swift */; };
		549964F21D56F77000F574C4 /* StringExtension.swift in Sources */ = {isa = PBXBuildFile; fileRef = 549964EE1D56F77000F574C4 /* StringExtension.swift */; };
		549964F31D56F77000F574C4 /* UIViewExtension.swift in Sources */ = {isa = PBXBuildFile; fileRef = 549964EF1D56F77000F574C4 /* UIViewExtension.swift */; };
		549964F61D56F78300F574C4 /* GamePlayViewController.swift in Sources */ = {isa = PBXBuildFile; fileRef = 549964F41D56F78300F574C4 /* GamePlayViewController.swift */; };
		549964F71D56F78300F574C4 /* PlayingFieldViewController.swift in Sources */ = {isa = PBXBuildFile; fileRef = 549964F51D56F78300F574C4 /* PlayingFieldViewController.swift */; };
		549964FB1D56F7AE00F574C4 /* AssassinSwift.xcdatamodeld in Sources */ = {isa = PBXBuildFile; fileRef = 549964F91D56F7AE00F574C4 /* AssassinSwift.xcdatamodeld */; };
		54A397851D616EE200362F7A /* swing.WAV in Resources */ = {isa = PBXBuildFile; fileRef = 54A397841D616EE200362F7A /* swing.WAV */; };
		54A44CAB1D668BA0007B0D6D /* PoisonScene.swift in Sources */ = {isa = PBXBuildFile; fileRef = 54A44CAA1D668BA0007B0D6D /* PoisonScene.swift */; };
		54A480041D6A154C00BD8A97 /* NerfGunScene.swift in Sources */ = {isa = PBXBuildFile; fileRef = 54A480031D6A154C00BD8A97 /* NerfGunScene.swift */; };
		54A4E02D1D6987BA00AD6612 /* BombScene.swift in Sources */ = {isa = PBXBuildFile; fileRef = 54A4E02C1D6987BA00AD6612 /* BombScene.swift */; };
		54ABC1EE1D55896A00182262 /* MenuViewController.swift in Sources */ = {isa = PBXBuildFile; fileRef = 54ABC1ED1D55896A00182262 /* MenuViewController.swift */; };
		54ABC1F01D5589D800182262 /* LoginViewController.swift in Sources */ = {isa = PBXBuildFile; fileRef = 54ABC1EF1D5589D800182262 /* LoginViewController.swift */; };
		54B6B6CB1D599B85001E7804 /* Parser.swift in Sources */ = {isa = PBXBuildFile; fileRef = 54B6B6CA1D599B85001E7804 /* Parser.swift */; };
		54BDB1D21D6B4D3500665B30 /* DefencesViewController.swift in Sources */ = {isa = PBXBuildFile; fileRef = 54BDB1D11D6B4D3500665B30 /* DefencesViewController.swift */; };
		54D2D3041D541BA700546C46 /* FXForms.m in Sources */ = {isa = PBXBuildFile; fileRef = 54D2D3031D541BA700546C46 /* FXForms.m */; };
		54D2D3071D541CD700546C46 /* RegistrationForm.swift in Sources */ = {isa = PBXBuildFile; fileRef = 54D2D3061D541CD700546C46 /* RegistrationForm.swift */; };
		54D2D30A1D541F2F00546C46 /* Localizable.strings in Resources */ = {isa = PBXBuildFile; fileRef = 54D2D30C1D541F2F00546C46 /* Localizable.strings */; };
		54D2D3111D54288800546C46 /* RegisterButtonCell.swift in Sources */ = {isa = PBXBuildFile; fileRef = 54D2D3101D54288800546C46 /* RegisterButtonCell.swift */; };
		54D2D3131D54290700546C46 /* RegisterButtonCell.xib in Resources */ = {isa = PBXBuildFile; fileRef = 54D2D3121D54290700546C46 /* RegisterButtonCell.xib */; };
		54E508E91D5DB91A006005B5 /* Motion.swift in Sources */ = {isa = PBXBuildFile; fileRef = 54E508E81D5DB91A006005B5 /* Motion.swift */; };
		54FBDB6A1D6A96D6000912D3 /* ProximityDetectorView.swift in Sources */ = {isa = PBXBuildFile; fileRef = 54FBDB691D6A96D6000912D3 /* ProximityDetectorView.swift */; };
		54FBDB6C1D6AABB1000912D3 /* PlaceOfInterest.swift in Sources */ = {isa = PBXBuildFile; fileRef = 54FBDB6B1D6AABB1000912D3 /* PlaceOfInterest.swift */; };
		BFB64711640762938976892B /* Pods_AssassinSwift.framework in Frameworks */ = {isa = PBXBuildFile; fileRef = DC838D579551675504E0EBC8 /* Pods_AssassinSwift.framework */; };
/* End PBXBuildFile section */

/* Begin PBXFileReference section */
		26996B8527A77998720B9743 /* Pods-AssassinSwift.release.xcconfig */ = {isa = PBXFileReference; includeInIndex = 1; lastKnownFileType = text.xcconfig; name = "Pods-AssassinSwift.release.xcconfig"; path = "Pods/Target Support Files/Pods-AssassinSwift/Pods-AssassinSwift.release.xcconfig"; sourceTree = "<group>"; };
		5410FA771D57272D0092D36F /* GameViewController.swift */ = {isa = PBXFileReference; fileEncoding = 4; lastKnownFileType = sourcecode.swift; name = GameViewController.swift; path = Controllers/GameViewController.swift; sourceTree = "<group>"; };
		54507BD91D5A24300030ECEA /* _Assassin.swift */ = {isa = PBXFileReference; fileEncoding = 4; lastKnownFileType = sourcecode.swift; path = _Assassin.swift; sourceTree = "<group>"; };
		54507BDB1D5A243C0030ECEA /* Assassin.swift */ = {isa = PBXFileReference; fileEncoding = 4; lastKnownFileType = sourcecode.swift; path = Assassin.swift; sourceTree = "<group>"; };
		54507BDF1D5A3FD80030ECEA /* WeaponsViewController.swift */ = {isa = PBXFileReference; fileEncoding = 4; lastKnownFileType = sourcecode.swift; name = WeaponsViewController.swift; path = Controllers/WeaponsViewController.swift; sourceTree = "<group>"; };
		545EC8431D63017F0045E067 /* SceneKit.framework */ = {isa = PBXFileReference; lastKnownFileType = wrapper.framework; name = SceneKit.framework; path = System/Library/Frameworks/SceneKit.framework; sourceTree = SDKROOT; };
		545EC8451D631B490045E067 /* saber-off.wav */ = {isa = PBXFileReference; lastKnownFileType = audio.wav; path = "saber-off.wav"; sourceTree = "<group>"; };
		545EC8461D631B490045E067 /* saber-on.wav */ = {isa = PBXFileReference; lastKnownFileType = audio.wav; path = "saber-on.wav"; sourceTree = "<group>"; };
		545EC8491D6322600045E067 /* LightsaberView.swift */ = {isa = PBXFileReference; fileEncoding = 4; lastKnownFileType = sourcecode.swift; name = LightsaberView.swift; path = Controllers/Weapons/LightsaberView.swift; sourceTree = "<group>"; };
		546D7D501D53D26D0031FF90 /* AssassinSwift.app */ = {isa = PBXFileReference; explicitFileType = wrapper.application; includeInIndex = 0; path = AssassinSwift.app; sourceTree = BUILT_PRODUCTS_DIR; };
		546D7D531D53D26D0031FF90 /* AppDelegate.swift */ = {isa = PBXFileReference; lastKnownFileType = sourcecode.swift; path = AppDelegate.swift; sourceTree = "<group>"; };
		546D7D5A1D53D26E0031FF90 /* Base */ = {isa = PBXFileReference; lastKnownFileType = file.storyboard; name = Base; path = Base.lproj/Main.storyboard; sourceTree = "<group>"; };
		546D7D5C1D53D26E0031FF90 /* Assets.xcassets */ = {isa = PBXFileReference; lastKnownFileType = folder.assetcatalog; path = Assets.xcassets; sourceTree = "<group>"; };
		546D7D5F1D53D26E0031FF90 /* Base */ = {isa = PBXFileReference; lastKnownFileType = file.storyboard; name = Base; path = Base.lproj/LaunchScreen.storyboard; sourceTree = "<group>"; };
		546D7D611D53D26E0031FF90 /* Info.plist */ = {isa = PBXFileReference; lastKnownFileType = text.plist.xml; path = Info.plist; sourceTree = "<group>"; };
		546D7D691D53D2CF0031FF90 /* SensingKit.framework */ = {isa = PBXFileReference; lastKnownFileType = wrapper.framework; path = SensingKit.framework; sourceTree = "<group>"; };
		546D7D6B1D53D3410031FF90 /* AssassinSwift-Bridging-Header.h */ = {isa = PBXFileReference; lastKnownFileType = sourcecode.c.h; path = "AssassinSwift-Bridging-Header.h"; sourceTree = "<group>"; };
		546D7D6E1D53FB9A0031FF90 /* RegisterViewController.swift */ = {isa = PBXFileReference; fileEncoding = 4; lastKnownFileType = sourcecode.swift; name = RegisterViewController.swift; path = Controllers/RegisterViewController.swift; sourceTree = "<group>"; };
		547BBD6F1D541222004D171B /* Podfile */ = {isa = PBXFileReference; fileEncoding = 4; lastKnownFileType = text; path = Podfile; sourceTree = "<group>"; xcLanguageSpecificationIdentifier = xcode.lang.ruby; };
		5491E8351D58021500BA7E8D /* BaseViewController.swift */ = {isa = PBXFileReference; fileEncoding = 4; lastKnownFileType = sourcecode.swift; name = BaseViewController.swift; path = Controllers/BaseViewController.swift; sourceTree = "<group>"; };
		5491E8371D5816AF00BA7E8D /* ProfileGameTableViewCell.swift */ = {isa = PBXFileReference; fileEncoding = 4; lastKnownFileType = sourcecode.swift; name = ProfileGameTableViewCell.swift; path = Controllers/ProfileGameTableViewCell.swift; sourceTree = "<group>"; };
		5491E83B1D5834A700BA7E8D /* PlayersTableViewCell.swift */ = {isa = PBXFileReference; fileEncoding = 4; lastKnownFileType = sourcecode.swift; name = PlayersTableViewCell.swift; path = Controllers/PlayersTableViewCell.swift; sourceTree = "<group>"; };
		5491E83F1D58403800BA7E8D /* ChooseWeaponDefenceViewController.swift */ = {isa = PBXFileReference; fileEncoding = 4; lastKnownFileType = sourcecode.swift; name = ChooseWeaponDefenceViewController.swift; path = Controllers/ChooseWeaponDefenceViewController.swift; sourceTree = "<group>"; };
		5491E8431D586D0500BA7E8D /* _Defence.swift */ = {isa = PBXFileReference; fileEncoding = 4; lastKnownFileType = sourcecode.swift; path = _Defence.swift; sourceTree = "<group>"; };
		5491E8441D586D0500BA7E8D /* _Game.swift */ = {isa = PBXFileReference; fileEncoding = 4; lastKnownFileType = sourcecode.swift; path = _Game.swift; sourceTree = "<group>"; };
		5491E8451D586D0500BA7E8D /* _Player.swift */ = {isa = PBXFileReference; fileEncoding = 4; lastKnownFileType = sourcecode.swift; path = _Player.swift; sourceTree = "<group>"; };
		5491E8461D586D0500BA7E8D /* _PlayerDefences.swift */ = {isa = PBXFileReference; fileEncoding = 4; lastKnownFileType = sourcecode.swift; path = _PlayerDefences.swift; sourceTree = "<group>"; };
		5491E8471D586D0500BA7E8D /* _PlayerWeapons.swift */ = {isa = PBXFileReference; fileEncoding = 4; lastKnownFileType = sourcecode.swift; path = _PlayerWeapons.swift; sourceTree = "<group>"; };
		5491E8481D586D0500BA7E8D /* _Profile.swift */ = {isa = PBXFileReference; fileEncoding = 4; lastKnownFileType = sourcecode.swift; path = _Profile.swift; sourceTree = "<group>"; };
		5491E8491D586D0500BA7E8D /* _Target.swift */ = {isa = PBXFileReference; fileEncoding = 4; lastKnownFileType = sourcecode.swift; path = _Target.swift; sourceTree = "<group>"; };
		5491E84A1D586D0500BA7E8D /* _User.swift */ = {isa = PBXFileReference; fileEncoding = 4; lastKnownFileType = sourcecode.swift; path = _User.swift; sourceTree = "<group>"; };
		5491E84B1D586D0500BA7E8D /* _Weapon.swift */ = {isa = PBXFileReference; fileEncoding = 4; lastKnownFileType = sourcecode.swift; path = _Weapon.swift; sourceTree = "<group>"; };
		5491E84C1D586D0500BA7E8D /* _Winner.swift */ = {isa = PBXFileReference; fileEncoding = 4; lastKnownFileType = sourcecode.swift; path = _Winner.swift; sourceTree = "<group>"; };
		5491E84E1D586D0500BA7E8D /* Defence.swift */ = {isa = PBXFileReference; fileEncoding = 4; lastKnownFileType = sourcecode.swift; path = Defence.swift; sourceTree = "<group>"; };
		5491E84F1D586D0500BA7E8D /* Game.swift */ = {isa = PBXFileReference; fileEncoding = 4; lastKnownFileType = sourcecode.swift; path = Game.swift; sourceTree = "<group>"; };
		5491E8501D586D0500BA7E8D /* Player.swift */ = {isa = PBXFileReference; fileEncoding = 4; lastKnownFileType = sourcecode.swift; path = Player.swift; sourceTree = "<group>"; };
		5491E8511D586D0500BA7E8D /* PlayerDefences.swift */ = {isa = PBXFileReference; fileEncoding = 4; lastKnownFileType = sourcecode.swift; path = PlayerDefences.swift; sourceTree = "<group>"; };
		5491E8521D586D0500BA7E8D /* PlayerWeapons.swift */ = {isa = PBXFileReference; fileEncoding = 4; lastKnownFileType = sourcecode.swift; path = PlayerWeapons.swift; sourceTree = "<group>"; };
		5491E8531D586D0500BA7E8D /* Profile.swift */ = {isa = PBXFileReference; fileEncoding = 4; lastKnownFileType = sourcecode.swift; path = Profile.swift; sourceTree = "<group>"; };
		5491E8541D586D0500BA7E8D /* Target.swift */ = {isa = PBXFileReference; fileEncoding = 4; lastKnownFileType = sourcecode.swift; path = Target.swift; sourceTree = "<group>"; };
		5491E8551D586D0500BA7E8D /* User.swift */ = {isa = PBXFileReference; fileEncoding = 4; lastKnownFileType = sourcecode.swift; path = User.swift; sourceTree = "<group>"; };
		5491E8561D586D0500BA7E8D /* Weapon.swift */ = {isa = PBXFileReference; fileEncoding = 4; lastKnownFileType = sourcecode.swift; path = Weapon.swift; sourceTree = "<group>"; };
		5491E8571D586D0500BA7E8D /* Winner.swift */ = {isa = PBXFileReference; fileEncoding = 4; lastKnownFileType = sourcecode.swift; path = Winner.swift; sourceTree = "<group>"; };
		5491E86C1D5876BF00BA7E8D /* CoreDataStack.swift */ = {isa = PBXFileReference; fileEncoding = 4; lastKnownFileType = sourcecode.swift; name = CoreDataStack.swift; path = DataManager/CoreDataStack.swift; sourceTree = "<group>"; };
		5491E86E1D587E5D00BA7E8D /* Blocks.swift */ = {isa = PBXFileReference; fileEncoding = 4; lastKnownFileType = sourcecode.swift; name = Blocks.swift; path = Helpers/Blocks.swift; sourceTree = "<group>"; };
		549964A81D5694EF00F574C4 /* ProfileViewController.swift */ = {isa = PBXFileReference; fileEncoding = 4; lastKnownFileType = sourcecode.swift; name = ProfileViewController.swift; path = Controllers/ProfileViewController.swift; sourceTree = "<group>"; };
		549964AC1D569A8B00F574C4 /* AboutViewController.swift */ = {isa = PBXFileReference; fileEncoding = 4; lastKnownFileType = sourcecode.swift; name = AboutViewController.swift; path = Controllers/AboutViewController.swift; sourceTree = "<group>"; };
		549964AE1D569FC000F574C4 /* GamesTableViewCell.swift */ = {isa = PBXFileReference; fileEncoding = 4; lastKnownFileType = sourcecode.swift; name = GamesTableViewCell.swift; path = Controllers/GamesTableViewCell.swift; sourceTree = "<group>"; };
		549964DA1D56AC4700F574C4 /* DataManager.swift */ = {isa = PBXFileReference; fileEncoding = 4; lastKnownFileType = sourcecode.swift; name = DataManager.swift; path = DataManager/DataManager.swift; sourceTree = "<group>"; };
		549964DC1D56AC5600F574C4 /* CoreDataManager.swift */ = {isa = PBXFileReference; fileEncoding = 4; lastKnownFileType = sourcecode.swift; name = CoreDataManager.swift; path = DataManager/CoreDataManager.swift; sourceTree = "<group>"; };
		549964EC1D56F77000F574C4 /* Constants.swift */ = {isa = PBXFileReference; fileEncoding = 4; lastKnownFileType = sourcecode.swift; name = Constants.swift; path = Helpers/Constants.swift; sourceTree = "<group>"; };
		549964ED1D56F77000F574C4 /* Helper.swift */ = {isa = PBXFileReference; fileEncoding = 4; lastKnownFileType = sourcecode.swift; name = Helper.swift; path = Helpers/Helper.swift; sourceTree = "<group>"; };
		549964EE1D56F77000F574C4 /* StringExtension.swift */ = {isa = PBXFileReference; fileEncoding = 4; lastKnownFileType = sourcecode.swift; name = StringExtension.swift; path = Helpers/StringExtension.swift; sourceTree = "<group>"; };
		549964EF1D56F77000F574C4 /* UIViewExtension.swift */ = {isa = PBXFileReference; fileEncoding = 4; lastKnownFileType = sourcecode.swift; name = UIViewExtension.swift; path = Helpers/UIViewExtension.swift; sourceTree = "<group>"; };
		549964F41D56F78300F574C4 /* GamePlayViewController.swift */ = {isa = PBXFileReference; fileEncoding = 4; lastKnownFileType = sourcecode.swift; name = GamePlayViewController.swift; path = Controllers/GamePlayViewController.swift; sourceTree = "<group>"; };
		549964F51D56F78300F574C4 /* PlayingFieldViewController.swift */ = {isa = PBXFileReference; fileEncoding = 4; lastKnownFileType = sourcecode.swift; name = PlayingFieldViewController.swift; path = Controllers/PlayingFieldViewController.swift; sourceTree = "<group>"; };
		549964FA1D56F7AE00F574C4 /* AssassinSwift.xcdatamodel */ = {isa = PBXFileReference; lastKnownFileType = wrapper.xcdatamodel; path = AssassinSwift.xcdatamodel; sourceTree = "<group>"; };
		54A397841D616EE200362F7A /* swing.WAV */ = {isa = PBXFileReference; lastKnownFileType = audio.wav; path = swing.WAV; sourceTree = "<group>"; };
		54A44CAA1D668BA0007B0D6D /* PoisonScene.swift */ = {isa = PBXFileReference; fileEncoding = 4; lastKnownFileType = sourcecode.swift; name = PoisonScene.swift; path = Controllers/Weapons/PoisonScene.swift; sourceTree = "<group>"; };
		54A480031D6A154C00BD8A97 /* NerfGunScene.swift */ = {isa = PBXFileReference; fileEncoding = 4; lastKnownFileType = sourcecode.swift; name = NerfGunScene.swift; path = Controllers/Weapons/NerfGunScene.swift; sourceTree = "<group>"; };
		54A4E02C1D6987BA00AD6612 /* BombScene.swift */ = {isa = PBXFileReference; fileEncoding = 4; lastKnownFileType = sourcecode.swift; name = BombScene.swift; path = Controllers/Weapons/BombScene.swift; sourceTree = "<group>"; };
		54ABC1ED1D55896A00182262 /* MenuViewController.swift */ = {isa = PBXFileReference; fileEncoding = 4; lastKnownFileType = sourcecode.swift; name = MenuViewController.swift; path = Controllers/MenuViewController.swift; sourceTree = "<group>"; };
		54ABC1EF1D5589D800182262 /* LoginViewController.swift */ = {isa = PBXFileReference; fileEncoding = 4; lastKnownFileType = sourcecode.swift; name = LoginViewController.swift; path = Controllers/LoginViewController.swift; sourceTree = "<group>"; };
		54B6B6CA1D599B85001E7804 /* Parser.swift */ = {isa = PBXFileReference; fileEncoding = 4; lastKnownFileType = sourcecode.swift; name = Parser.swift; path = Helpers/Parser.swift; sourceTree = "<group>"; };
		54BDB1D11D6B4D3500665B30 /* DefencesViewController.swift */ = {isa = PBXFileReference; fileEncoding = 4; lastKnownFileType = sourcecode.swift; name = DefencesViewController.swift; path = Controllers/Defences/DefencesViewController.swift; sourceTree = "<group>"; };
		54D2D3021D541BA700546C46 /* FXForms.h */ = {isa = PBXFileReference; fileEncoding = 4; lastKnownFileType = sourcecode.c.h; path = FXForms.h; sourceTree = "<group>"; };
		54D2D3031D541BA700546C46 /* FXForms.m */ = {isa = PBXFileReference; fileEncoding = 4; lastKnownFileType = sourcecode.c.objc; path = FXForms.m; sourceTree = "<group>"; };
		54D2D3061D541CD700546C46 /* RegistrationForm.swift */ = {isa = PBXFileReference; fileEncoding = 4; lastKnownFileType = sourcecode.swift; path = RegistrationForm.swift; sourceTree = "<group>"; };
		54D2D30D1D541F3700546C46 /* en */ = {isa = PBXFileReference; lastKnownFileType = text.plist.strings; name = en; path = en.lproj/Localizable.strings; sourceTree = "<group>"; };
		54D2D3101D54288800546C46 /* RegisterButtonCell.swift */ = {isa = PBXFileReference; fileEncoding = 4; lastKnownFileType = sourcecode.swift; name = RegisterButtonCell.swift; path = Controllers/RegisterButtonCell.swift; sourceTree = "<group>"; };
		54D2D3121D54290700546C46 /* RegisterButtonCell.xib */ = {isa = PBXFileReference; fileEncoding = 4; lastKnownFileType = file.xib; name = RegisterButtonCell.xib; path = Controllers/RegisterButtonCell.xib; sourceTree = "<group>"; };
		54E508E81D5DB91A006005B5 /* Motion.swift */ = {isa = PBXFileReference; fileEncoding = 4; lastKnownFileType = sourcecode.swift; name = Motion.swift; path = Helpers/Motion.swift; sourceTree = "<group>"; };
		54FBDB691D6A96D6000912D3 /* ProximityDetectorView.swift */ = {isa = PBXFileReference; fileEncoding = 4; lastKnownFileType = sourcecode.swift; name = ProximityDetectorView.swift; path = Controllers/Defences/ProximityDetectorView.swift; sourceTree = "<group>"; };
		54FBDB6B1D6AABB1000912D3 /* PlaceOfInterest.swift */ = {isa = PBXFileReference; fileEncoding = 4; lastKnownFileType = sourcecode.swift; name = PlaceOfInterest.swift; path = Controllers/Defences/PlaceOfInterest.swift; sourceTree = "<group>"; };
		D03D133BCF1FD3F319A6D566 /* Pods-AssassinSwift.debug.xcconfig */ = {isa = PBXFileReference; includeInIndex = 1; lastKnownFileType = text.xcconfig; name = "Pods-AssassinSwift.debug.xcconfig"; path = "Pods/Target Support Files/Pods-AssassinSwift/Pods-AssassinSwift.debug.xcconfig"; sourceTree = "<group>"; };
		DC838D579551675504E0EBC8 /* Pods_AssassinSwift.framework */ = {isa = PBXFileReference; explicitFileType = wrapper.framework; includeInIndex = 0; path = Pods_AssassinSwift.framework; sourceTree = BUILT_PRODUCTS_DIR; };
/* End PBXFileReference section */

/* Begin PBXFrameworksBuildPhase section */
		546D7D4D1D53D26D0031FF90 /* Frameworks */ = {
			isa = PBXFrameworksBuildPhase;
			buildActionMask = 2147483647;
			files = (
				545EC8441D63017F0045E067 /* SceneKit.framework in Frameworks */,
				546D7D6A1D53D2CF0031FF90 /* SensingKit.framework in Frameworks */,
				BFB64711640762938976892B /* Pods_AssassinSwift.framework in Frameworks */,
			);
			runOnlyForDeploymentPostprocessing = 0;
		};
/* End PBXFrameworksBuildPhase section */

/* Begin PBXGroup section */
		40BFB2765D0177CAF5371F90 /* Frameworks */ = {
			isa = PBXGroup;
			children = (
				545EC8431D63017F0045E067 /* SceneKit.framework */,
				DC838D579551675504E0EBC8 /* Pods_AssassinSwift.framework */,
			);
			name = Frameworks;
			sourceTree = "<group>";
		};
		5423B70D1D5AD9DF0042BAB6 /* Weapons Controller */ = {
			isa = PBXGroup;
			children = (
				54507BDF1D5A3FD80030ECEA /* WeaponsViewController.swift */,
				54A480031D6A154C00BD8A97 /* NerfGunScene.swift */,
				54A44CAA1D668BA0007B0D6D /* PoisonScene.swift */,
				545EC8491D6322600045E067 /* LightsaberView.swift */,
				54A4E02C1D6987BA00AD6612 /* BombScene.swift */,
			);
			name = "Weapons Controller";
			sourceTree = "<group>";
		};
		546D7D471D53D26D0031FF90 = {
			isa = PBXGroup;
			children = (
				546D7D521D53D26D0031FF90 /* AssassinSwift */,
				547BBD6F1D541222004D171B /* Podfile */,
				546D7D511D53D26D0031FF90 /* Products */,
				B84D6F4B303A53D0ACCAE97C /* Pods */,
				40BFB2765D0177CAF5371F90 /* Frameworks */,
			);
			sourceTree = "<group>";
		};
		546D7D511D53D26D0031FF90 /* Products */ = {
			isa = PBXGroup;
			children = (
				546D7D501D53D26D0031FF90 /* AssassinSwift.app */,
			);
			name = Products;
			sourceTree = "<group>";
		};
		546D7D521D53D26D0031FF90 /* AssassinSwift */ = {
			isa = PBXGroup;
			children = (
				546D7D531D53D26D0031FF90 /* AppDelegate.swift */,
				546D7D591D53D26E0031FF90 /* Main.storyboard */,
				546D7D721D53FD580031FF90 /* Controllers */,
				549964DE1D56AC6000F574C4 /* Data Managers */,
				549964F81D56F7AE00F574C4 /* CoreData */,
				54D2D3051D541C8800546C46 /* Models */,
				54A397821D616EE200362F7A /* Resources */,
				549964DF1D56AC6F00F574C4 /* Helpers */,
				54D2D3001D541BA700546C46 /* Vendors */,
				546D7D711D53FD490031FF90 /* Framework */,
				546D7D701D53FD410031FF90 /* Supporting Files */,
			);
			name = AssassinSwift;
			path = "assassin-swift";
			sourceTree = "<group>";
		};
		546D7D701D53FD410031FF90 /* Supporting Files */ = {
			isa = PBXGroup;
			children = (
				546D7D611D53D26E0031FF90 /* Info.plist */,
				546D7D6B1D53D3410031FF90 /* AssassinSwift-Bridging-Header.h */,
				546D7D5E1D53D26E0031FF90 /* LaunchScreen.storyboard */,
				546D7D5C1D53D26E0031FF90 /* Assets.xcassets */,
			);
			name = "Supporting Files";
			sourceTree = "<group>";
		};
		546D7D711D53FD490031FF90 /* Framework */ = {
			isa = PBXGroup;
			children = (
				546D7D691D53D2CF0031FF90 /* SensingKit.framework */,
			);
			name = Framework;
			sourceTree = "<group>";
		};
		546D7D721D53FD580031FF90 /* Controllers */ = {
			isa = PBXGroup;
			children = (
				5491E8351D58021500BA7E8D /* BaseViewController.swift */,
				54ABC1ED1D55896A00182262 /* MenuViewController.swift */,
				549964AC1D569A8B00F574C4 /* AboutViewController.swift */,
				54D2D3141D54291100546C46 /* Registration Controller */,
				5491E8391D5816B500BA7E8D /* Profile Controller */,
				5423B70D1D5AD9DF0042BAB6 /* Weapons Controller */,
				54A480051D6A481100BD8A97 /* Defences Controller */,
				549964B21D569FC600F574C4 /* Games Controller */,
			);
			name = Controllers;
			sourceTree = "<group>";
		};
		5491E8391D5816B500BA7E8D /* Profile Controller */ = {
			isa = PBXGroup;
			children = (
				549964A81D5694EF00F574C4 /* ProfileViewController.swift */,
				5491E8371D5816AF00BA7E8D /* ProfileGameTableViewCell.swift */,
			);
			name = "Profile Controller";
			sourceTree = "<group>";
		};
		5491E83A1D5816C900BA7E8D /* Views */ = {
			isa = PBXGroup;
			children = (
				54D2D3101D54288800546C46 /* RegisterButtonCell.swift */,
				54D2D3121D54290700546C46 /* RegisterButtonCell.xib */,
			);
			name = Views;
			sourceTree = "<group>";
		};
		5491E8411D586D0500BA7E8D /* Persistence */ = {
			isa = PBXGroup;
			children = (
				5491E8421D586D0500BA7E8D /* Temp */,
				5491E84D1D586D0500BA7E8D /* User */,
			);
			path = Persistence;
			sourceTree = "<group>";
		};
		5491E8421D586D0500BA7E8D /* Temp */ = {
			isa = PBXGroup;
			children = (
				54507BD91D5A24300030ECEA /* _Assassin.swift */,
				5491E8431D586D0500BA7E8D /* _Defence.swift */,
				5491E8441D586D0500BA7E8D /* _Game.swift */,
				5491E8451D586D0500BA7E8D /* _Player.swift */,
				5491E8461D586D0500BA7E8D /* _PlayerDefences.swift */,
				5491E8471D586D0500BA7E8D /* _PlayerWeapons.swift */,
				5491E8481D586D0500BA7E8D /* _Profile.swift */,
				5491E8491D586D0500BA7E8D /* _Target.swift */,
				5491E84A1D586D0500BA7E8D /* _User.swift */,
				5491E84B1D586D0500BA7E8D /* _Weapon.swift */,
				5491E84C1D586D0500BA7E8D /* _Winner.swift */,
			);
			path = Temp;
			sourceTree = "<group>";
		};
		5491E84D1D586D0500BA7E8D /* User */ = {
			isa = PBXGroup;
			children = (
				54507BDB1D5A243C0030ECEA /* Assassin.swift */,
				5491E84E1D586D0500BA7E8D /* Defence.swift */,
				5491E84F1D586D0500BA7E8D /* Game.swift */,
				5491E8501D586D0500BA7E8D /* Player.swift */,
				5491E8511D586D0500BA7E8D /* PlayerDefences.swift */,
				5491E8521D586D0500BA7E8D /* PlayerWeapons.swift */,
				5491E8531D586D0500BA7E8D /* Profile.swift */,
				5491E8541D586D0500BA7E8D /* Target.swift */,
				5491E8551D586D0500BA7E8D /* User.swift */,
				5491E8561D586D0500BA7E8D /* Weapon.swift */,
				5491E8571D586D0500BA7E8D /* Winner.swift */,
			);
			path = User;
			sourceTree = "<group>";
		};
		549964B21D569FC600F574C4 /* Games Controller */ = {
			isa = PBXGroup;
			children = (
				5410FA771D57272D0092D36F /* GameViewController.swift */,
				549964F41D56F78300F574C4 /* GamePlayViewController.swift */,
				5491E83F1D58403800BA7E8D /* ChooseWeaponDefenceViewController.swift */,
				549964F51D56F78300F574C4 /* PlayingFieldViewController.swift */,
				549964E21D56BB7600F574C4 /* Game Views */,
			);
			name = "Games Controller";
			sourceTree = "<group>";
		};
		549964DE1D56AC6000F574C4 /* Data Managers */ = {
			isa = PBXGroup;
			children = (
				549964DA1D56AC4700F574C4 /* DataManager.swift */,
				549964DC1D56AC5600F574C4 /* CoreDataManager.swift */,
				5491E86C1D5876BF00BA7E8D /* CoreDataStack.swift */,
			);
			name = "Data Managers";
			sourceTree = "<group>";
		};
		549964DF1D56AC6F00F574C4 /* Helpers */ = {
			isa = PBXGroup;
			children = (
				54D2D30C1D541F2F00546C46 /* Localizable.strings */,
				549964EC1D56F77000F574C4 /* Constants.swift */,
				549964ED1D56F77000F574C4 /* Helper.swift */,
				5491E86E1D587E5D00BA7E8D /* Blocks.swift */,
				549964EE1D56F77000F574C4 /* StringExtension.swift */,
				549964EF1D56F77000F574C4 /* UIViewExtension.swift */,
				54B6B6CA1D599B85001E7804 /* Parser.swift */,
				54E508E81D5DB91A006005B5 /* Motion.swift */,
			);
			name = Helpers;
			sourceTree = "<group>";
		};
		549964E21D56BB7600F574C4 /* Game Views */ = {
			isa = PBXGroup;
			children = (
				549964AE1D569FC000F574C4 /* GamesTableViewCell.swift */,
				5491E83B1D5834A700BA7E8D /* PlayersTableViewCell.swift */,
			);
			name = "Game Views";
			sourceTree = "<group>";
		};
		549964F81D56F7AE00F574C4 /* CoreData */ = {
			isa = PBXGroup;
			children = (
				549964F91D56F7AE00F574C4 /* AssassinSwift.xcdatamodeld */,
				5491E8411D586D0500BA7E8D /* Persistence */,
			);
			path = CoreData;
			sourceTree = "<group>";
		};
		54A397821D616EE200362F7A /* Resources */ = {
			isa = PBXGroup;
			children = (
				54A397831D616EE200362F7A /* Sounds */,
			);
			path = Resources;
			sourceTree = "<group>";
		};
		54A397831D616EE200362F7A /* Sounds */ = {
			isa = PBXGroup;
			children = (
				545EC8451D631B490045E067 /* saber-off.wav */,
				545EC8461D631B490045E067 /* saber-on.wav */,
				54A397841D616EE200362F7A /* swing.WAV */,
			);
			path = Sounds;
			sourceTree = "<group>";
		};
		54A480051D6A481100BD8A97 /* Defences Controller */ = {
			isa = PBXGroup;
			children = (
				54BDB1D11D6B4D3500665B30 /* DefencesViewController.swift */,
				54FBDB691D6A96D6000912D3 /* ProximityDetectorView.swift */,
				54FBDB6B1D6AABB1000912D3 /* PlaceOfInterest.swift */,
			);
			name = "Defences Controller";
			sourceTree = "<group>";
		};
		54D2D3001D541BA700546C46 /* Vendors */ = {
			isa = PBXGroup;
			children = (
				54D2D3011D541BA700546C46 /* FXForms */,
			);
			path = Vendors;
			sourceTree = "<group>";
		};
		54D2D3011D541BA700546C46 /* FXForms */ = {
			isa = PBXGroup;
			children = (
				54D2D3021D541BA700546C46 /* FXForms.h */,
				54D2D3031D541BA700546C46 /* FXForms.m */,
			);
			path = FXForms;
			sourceTree = "<group>";
		};
		54D2D3051D541C8800546C46 /* Models */ = {
			isa = PBXGroup;
			children = (
				54D2D3061D541CD700546C46 /* RegistrationForm.swift */,
			);
			path = Models;
			sourceTree = "<group>";
		};
		54D2D3141D54291100546C46 /* Registration Controller */ = {
			isa = PBXGroup;
			children = (
				54ABC1EF1D5589D800182262 /* LoginViewController.swift */,
				546D7D6E1D53FB9A0031FF90 /* RegisterViewController.swift */,
				5491E83A1D5816C900BA7E8D /* Views */,
			);
			name = "Registration Controller";
			sourceTree = "<group>";
		};
		B84D6F4B303A53D0ACCAE97C /* Pods */ = {
			isa = PBXGroup;
			children = (
				D03D133BCF1FD3F319A6D566 /* Pods-AssassinSwift.debug.xcconfig */,
				26996B8527A77998720B9743 /* Pods-AssassinSwift.release.xcconfig */,
			);
			name = Pods;
			sourceTree = "<group>";
		};
/* End PBXGroup section */

/* Begin PBXNativeTarget section */
		546D7D4F1D53D26D0031FF90 /* AssassinSwift */ = {
			isa = PBXNativeTarget;
			buildConfigurationList = 546D7D641D53D26E0031FF90 /* Build configuration list for PBXNativeTarget "AssassinSwift" */;
			buildPhases = (
				E7D0181CB7CDE4A35E92CE04 /* [CP] Check Pods Manifest.lock */,
				546D7D4C1D53D26D0031FF90 /* Sources */,
				546D7D4D1D53D26D0031FF90 /* Frameworks */,
				546D7D4E1D53D26D0031FF90 /* Resources */,
				8ED69050BD851ADF11EFACB6 /* [CP] Embed Pods Frameworks */,
				1F687FCBBD9B22F21B70AFDB /* [CP] Copy Pods Resources */,
			);
			buildRules = (
			);
			dependencies = (
			);
			name = AssassinSwift;
			productName = "assassin-swift";
			productReference = 546D7D501D53D26D0031FF90 /* AssassinSwift.app */;
			productType = "com.apple.product-type.application";
		};
/* End PBXNativeTarget section */

/* Begin PBXProject section */
		546D7D481D53D26D0031FF90 /* Project object */ = {
			isa = PBXProject;
			attributes = {
				LastSwiftUpdateCheck = 0730;
				LastUpgradeCheck = 0730;
				ORGANIZATIONNAME = "Queen Mary University of London";
				TargetAttributes = {
					546D7D4F1D53D26D0031FF90 = {
						CreatedOnToolsVersion = 7.3.1;
						DevelopmentTeam = P77FGAZQUC;
					};
					549964E71D56F66100F574C4 = {
						CreatedOnToolsVersion = 7.3.1;
						DevelopmentTeam = P77FGAZQUC;
					};
				};
			};
			buildConfigurationList = 546D7D4B1D53D26D0031FF90 /* Build configuration list for PBXProject "AssassinSwift" */;
			compatibilityVersion = "Xcode 3.2";
			developmentRegion = English;
			hasScannedForEncodings = 0;
			knownRegions = (
				en,
				Base,
			);
			mainGroup = 546D7D471D53D26D0031FF90;
			productRefGroup = 546D7D511D53D26D0031FF90 /* Products */;
			projectDirPath = "";
			projectRoot = "";
			targets = (
				546D7D4F1D53D26D0031FF90 /* AssassinSwift */,
				549964E71D56F66100F574C4 /* Mogenerator */,
			);
		};
/* End PBXProject section */

/* Begin PBXResourcesBuildPhase section */
		546D7D4E1D53D26D0031FF90 /* Resources */ = {
			isa = PBXResourcesBuildPhase;
			buildActionMask = 2147483647;
			files = (
				54D2D30A1D541F2F00546C46 /* Localizable.strings in Resources */,
				547BBD701D541222004D171B /* Podfile in Resources */,
				546D7D601D53D26E0031FF90 /* LaunchScreen.storyboard in Resources */,
				546D7D5D1D53D26E0031FF90 /* Assets.xcassets in Resources */,
				54A397851D616EE200362F7A /* swing.WAV in Resources */,
				54D2D3131D54290700546C46 /* RegisterButtonCell.xib in Resources */,
				545EC8481D631B490045E067 /* saber-on.wav in Resources */,
				545EC8471D631B490045E067 /* saber-off.wav in Resources */,
				546D7D5B1D53D26E0031FF90 /* Main.storyboard in Resources */,
			);
			runOnlyForDeploymentPostprocessing = 0;
		};
/* End PBXResourcesBuildPhase section */

/* Begin PBXShellScriptBuildPhase section */
		1F687FCBBD9B22F21B70AFDB /* [CP] Copy Pods Resources */ = {
			isa = PBXShellScriptBuildPhase;
			buildActionMask = 2147483647;
			files = (
			);
			inputPaths = (
			);
			name = "[CP] Copy Pods Resources";
			outputPaths = (
			);
			runOnlyForDeploymentPostprocessing = 0;
			shellPath = /bin/sh;
			shellScript = "\"${SRCROOT}/Pods/Target Support Files/Pods-AssassinSwift/Pods-AssassinSwift-resources.sh\"\n";
			showEnvVarsInLog = 0;
		};
		549964EB1D56F67200F574C4 /* ShellScript */ = {
			isa = PBXShellScriptBuildPhase;
			buildActionMask = 2147483647;
			files = (
			);
			inputPaths = (
			);
			outputPaths = (
			);
			runOnlyForDeploymentPostprocessing = 0;
			shellPath = /bin/sh;
			shellScript = "mogenerator -m assassin-swift/CoreData/AssassinSwift.xcdatamodeld -O assassin-swift/CoreData/Persistence/Temp --swift --template-var arc=true";
		};
		8ED69050BD851ADF11EFACB6 /* [CP] Embed Pods Frameworks */ = {
			isa = PBXShellScriptBuildPhase;
			buildActionMask = 2147483647;
			files = (
			);
			inputPaths = (
			);
			name = "[CP] Embed Pods Frameworks";
			outputPaths = (
			);
			runOnlyForDeploymentPostprocessing = 0;
			shellPath = /bin/sh;
			shellScript = "\"${SRCROOT}/Pods/Target Support Files/Pods-AssassinSwift/Pods-AssassinSwift-frameworks.sh\"\n";
			showEnvVarsInLog = 0;
		};
		E7D0181CB7CDE4A35E92CE04 /* [CP] Check Pods Manifest.lock */ = {
			isa = PBXShellScriptBuildPhase;
			buildActionMask = 2147483647;
			files = (
			);
			inputPaths = (
			);
			name = "[CP] Check Pods Manifest.lock";
			outputPaths = (
			);
			runOnlyForDeploymentPostprocessing = 0;
			shellPath = /bin/sh;
			shellScript = "diff \"${PODS_ROOT}/../Podfile.lock\" \"${PODS_ROOT}/Manifest.lock\" > /dev/null\nif [[ $? != 0 ]] ; then\n    cat << EOM\nerror: The sandbox is not in sync with the Podfile.lock. Run 'pod install' or update your CocoaPods installation.\nEOM\n    exit 1\nfi\n";
			showEnvVarsInLog = 0;
		};
/* End PBXShellScriptBuildPhase section */

/* Begin PBXSourcesBuildPhase section */
		546D7D4C1D53D26D0031FF90 /* Sources */ = {
			isa = PBXSourcesBuildPhase;
			buildActionMask = 2147483647;
			files = (
				5410FA781D57272D0092D36F /* GameViewController.swift in Sources */,
				54B6B6CB1D599B85001E7804 /* Parser.swift in Sources */,
				5491E8671D586D0500BA7E8D /* Profile.swift in Sources */,
				5491E8651D586D0500BA7E8D /* PlayerDefences.swift in Sources */,
				546D7D6F1D53FB9A0031FF90 /* RegisterViewController.swift in Sources */,
				549964F01D56F77000F574C4 /* Constants.swift in Sources */,
				549964DB1D56AC4700F574C4 /* DataManager.swift in Sources */,
				54A4E02D1D6987BA00AD6612 /* BombScene.swift in Sources */,
				5491E86B1D586D0500BA7E8D /* Winner.swift in Sources */,
				5491E85F1D586D0500BA7E8D /* _User.swift in Sources */,
				54FBDB6C1D6AABB1000912D3 /* PlaceOfInterest.swift in Sources */,
				54D2D3041D541BA700546C46 /* FXForms.m in Sources */,
				54A44CAB1D668BA0007B0D6D /* PoisonScene.swift in Sources */,
				5491E8681D586D0500BA7E8D /* Target.swift in Sources */,
				5491E8611D586D0500BA7E8D /* _Winner.swift in Sources */,
				54E508E91D5DB91A006005B5 /* Motion.swift in Sources */,
				5491E8361D58021500BA7E8D /* BaseViewController.swift in Sources */,
				5491E8401D58403800BA7E8D /* ChooseWeaponDefenceViewController.swift in Sources */,
				54FBDB6A1D6A96D6000912D3 /* ProximityDetectorView.swift in Sources */,
				549964FB1D56F7AE00F574C4 /* AssassinSwift.xcdatamodeld in Sources */,
				549964F11D56F77000F574C4 /* Helper.swift in Sources */,
				54507BDC1D5A243C0030ECEA /* Assassin.swift in Sources */,
				549964DD1D56AC5600F574C4 /* CoreDataManager.swift in Sources */,
				5491E8381D5816AF00BA7E8D /* ProfileGameTableViewCell.swift in Sources */,
				5491E86F1D587E5D00BA7E8D /* Blocks.swift in Sources */,
				549964B01D569FC000F574C4 /* GamesTableViewCell.swift in Sources */,
				54507BE01D5A3FD80030ECEA /* WeaponsViewController.swift in Sources */,
				54D2D3071D541CD700546C46 /* RegistrationForm.swift in Sources */,
				5491E86A1D586D0500BA7E8D /* Weapon.swift in Sources */,
				5491E85E1D586D0500BA7E8D /* _Target.swift in Sources */,
				5491E85A1D586D0500BA7E8D /* _Player.swift in Sources */,
				54BDB1D21D6B4D3500665B30 /* DefencesViewController.swift in Sources */,
				5491E8691D586D0500BA7E8D /* User.swift in Sources */,
				5491E8661D586D0500BA7E8D /* PlayerWeapons.swift in Sources */,
				54A480041D6A154C00BD8A97 /* NerfGunScene.swift in Sources */,
				549964F61D56F78300F574C4 /* GamePlayViewController.swift in Sources */,
				54ABC1EE1D55896A00182262 /* MenuViewController.swift in Sources */,
				5491E8631D586D0500BA7E8D /* Game.swift in Sources */,
				549964F31D56F77000F574C4 /* UIViewExtension.swift in Sources */,
				54507BDA1D5A24300030ECEA /* _Assassin.swift in Sources */,
				5491E8621D586D0500BA7E8D /* Defence.swift in Sources */,
				549964A91D5694EF00F574C4 /* ProfileViewController.swift in Sources */,
				5491E86D1D5876BF00BA7E8D /* CoreDataStack.swift in Sources */,
				5491E8591D586D0500BA7E8D /* _Game.swift in Sources */,
				54D2D3111D54288800546C46 /* RegisterButtonCell.swift in Sources */,
				546D7D541D53D26D0031FF90 /* AppDelegate.swift in Sources */,
				5491E85D1D586D0500BA7E8D /* _Profile.swift in Sources */,
				5491E8581D586D0500BA7E8D /* _Defence.swift in Sources */,
				5491E83C1D5834A700BA7E8D /* PlayersTableViewCell.swift in Sources */,
				54ABC1F01D5589D800182262 /* LoginViewController.swift in Sources */,
				549964AD1D569A8B00F574C4 /* AboutViewController.swift in Sources */,
				5491E85B1D586D0500BA7E8D /* _PlayerDefences.swift in Sources */,
				5491E85C1D586D0500BA7E8D /* _PlayerWeapons.swift in Sources */,
				549964F71D56F78300F574C4 /* PlayingFieldViewController.swift in Sources */,
				5491E8601D586D0500BA7E8D /* _Weapon.swift in Sources */,
				545EC84A1D6322600045E067 /* LightsaberView.swift in Sources */,
				549964F21D56F77000F574C4 /* StringExtension.swift in Sources */,
				5491E8641D586D0500BA7E8D /* Player.swift in Sources */,
			);
			runOnlyForDeploymentPostprocessing = 0;
		};
/* End PBXSourcesBuildPhase section */

/* Begin PBXVariantGroup section */
		546D7D591D53D26E0031FF90 /* Main.storyboard */ = {
			isa = PBXVariantGroup;
			children = (
				546D7D5A1D53D26E0031FF90 /* Base */,
			);
			name = Main.storyboard;
			sourceTree = "<group>";
		};
		546D7D5E1D53D26E0031FF90 /* LaunchScreen.storyboard */ = {
			isa = PBXVariantGroup;
			children = (
				546D7D5F1D53D26E0031FF90 /* Base */,
			);
			name = LaunchScreen.storyboard;
			sourceTree = "<group>";
		};
		54D2D30C1D541F2F00546C46 /* Localizable.strings */ = {
			isa = PBXVariantGroup;
			children = (
				54D2D30D1D541F3700546C46 /* en */,
			);
			name = Localizable.strings;
			sourceTree = "<group>";
		};
/* End PBXVariantGroup section */

/* Begin XCBuildConfiguration section */
		546D7D621D53D26E0031FF90 /* Debug */ = {
			isa = XCBuildConfiguration;
			buildSettings = {
				ALWAYS_SEARCH_USER_PATHS = NO;
				CLANG_ANALYZER_NONNULL = YES;
				CLANG_CXX_LANGUAGE_STANDARD = "gnu++0x";
				CLANG_CXX_LIBRARY = "libc++";
				CLANG_ENABLE_MODULES = YES;
				CLANG_ENABLE_OBJC_ARC = YES;
				CLANG_WARN_BOOL_CONVERSION = YES;
				CLANG_WARN_CONSTANT_CONVERSION = YES;
				CLANG_WARN_DIRECT_OBJC_ISA_USAGE = YES_ERROR;
				CLANG_WARN_EMPTY_BODY = YES;
				CLANG_WARN_ENUM_CONVERSION = YES;
				CLANG_WARN_INT_CONVERSION = YES;
				CLANG_WARN_OBJC_ROOT_CLASS = YES_ERROR;
				CLANG_WARN_UNREACHABLE_CODE = YES;
				CLANG_WARN__DUPLICATE_METHOD_MATCH = YES;
				"CODE_SIGN_IDENTITY[sdk=iphoneos*]" = "iPhone Developer";
				COPY_PHASE_STRIP = NO;
				DEBUG_INFORMATION_FORMAT = "dwarf-with-dsym";
				DEFINES_MODULE = YES;
				ENABLE_STRICT_OBJC_MSGSEND = YES;
				ENABLE_TESTABILITY = YES;
				GCC_C_LANGUAGE_STANDARD = gnu99;
				GCC_DYNAMIC_NO_PIC = NO;
				GCC_NO_COMMON_BLOCKS = YES;
				GCC_OPTIMIZATION_LEVEL = 0;
				GCC_PREPROCESSOR_DEFINITIONS = (
					"DEBUG=1",
					"$(inherited)",
				);
				GCC_WARN_64_TO_32_BIT_CONVERSION = YES;
				GCC_WARN_ABOUT_RETURN_TYPE = YES_ERROR;
				GCC_WARN_UNDECLARED_SELECTOR = YES;
				GCC_WARN_UNINITIALIZED_AUTOS = YES_AGGRESSIVE;
				GCC_WARN_UNUSED_FUNCTION = YES;
				GCC_WARN_UNUSED_VARIABLE = YES;
				IPHONEOS_DEPLOYMENT_TARGET = 9.3;
				MTL_ENABLE_DEBUG_INFO = YES;
				ONLY_ACTIVE_ARCH = YES;
				SDKROOT = iphoneos;
				SWIFT_OPTIMIZATION_LEVEL = "-Onone";
			};
			name = Debug;
		};
		546D7D631D53D26E0031FF90 /* Release */ = {
			isa = XCBuildConfiguration;
			buildSettings = {
				ALWAYS_SEARCH_USER_PATHS = NO;
				CLANG_ANALYZER_NONNULL = YES;
				CLANG_CXX_LANGUAGE_STANDARD = "gnu++0x";
				CLANG_CXX_LIBRARY = "libc++";
				CLANG_ENABLE_MODULES = YES;
				CLANG_ENABLE_OBJC_ARC = YES;
				CLANG_WARN_BOOL_CONVERSION = YES;
				CLANG_WARN_CONSTANT_CONVERSION = YES;
				CLANG_WARN_DIRECT_OBJC_ISA_USAGE = YES_ERROR;
				CLANG_WARN_EMPTY_BODY = YES;
				CLANG_WARN_ENUM_CONVERSION = YES;
				CLANG_WARN_INT_CONVERSION = YES;
				CLANG_WARN_OBJC_ROOT_CLASS = YES_ERROR;
				CLANG_WARN_UNREACHABLE_CODE = YES;
				CLANG_WARN__DUPLICATE_METHOD_MATCH = YES;
				"CODE_SIGN_IDENTITY[sdk=iphoneos*]" = "iPhone Developer";
				COPY_PHASE_STRIP = NO;
				DEBUG_INFORMATION_FORMAT = "dwarf-with-dsym";
				DEFINES_MODULE = YES;
				ENABLE_NS_ASSERTIONS = NO;
				ENABLE_STRICT_OBJC_MSGSEND = YES;
				GCC_C_LANGUAGE_STANDARD = gnu99;
				GCC_NO_COMMON_BLOCKS = YES;
				GCC_WARN_64_TO_32_BIT_CONVERSION = YES;
				GCC_WARN_ABOUT_RETURN_TYPE = YES_ERROR;
				GCC_WARN_UNDECLARED_SELECTOR = YES;
				GCC_WARN_UNINITIALIZED_AUTOS = YES_AGGRESSIVE;
				GCC_WARN_UNUSED_FUNCTION = YES;
				GCC_WARN_UNUSED_VARIABLE = YES;
				IPHONEOS_DEPLOYMENT_TARGET = 9.3;
				MTL_ENABLE_DEBUG_INFO = NO;
				SDKROOT = iphoneos;
				VALIDATE_PRODUCT = YES;
			};
			name = Release;
		};
		546D7D651D53D26E0031FF90 /* Debug */ = {
			isa = XCBuildConfiguration;
			baseConfigurationReference = D03D133BCF1FD3F319A6D566 /* Pods-AssassinSwift.debug.xcconfig */;
			buildSettings = {
				ASSETCATALOG_COMPILER_APPICON_NAME = AppIcon;
				CLANG_ENABLE_MODULES = YES;
				CODE_SIGN_IDENTITY = "iPhone Developer";
				DEFINES_MODULE = YES;
				FRAMEWORK_SEARCH_PATHS = (
					"$(inherited)",
					"$(PROJECT_DIR)/assassin-swift",
				);
				INFOPLIST_FILE = "assassin-swift/Info.plist";
				LD_RUNPATH_SEARCH_PATHS = "$(inherited) @executable_path/Frameworks";
				OTHER_LDFLAGS = (
					"-ObjC",
					"-all_load",
				);
				PRODUCT_BUNDLE_IDENTIFIER = "com.tine.assassin-swift";
				PRODUCT_NAME = AssassinSwift;
				SWIFT_OBJC_BRIDGING_HEADER = "assassin-swift/AssassinSwift-Bridging-Header.h";
				SWIFT_OPTIMIZATION_LEVEL = "-Onone";
			};
			name = Debug;
		};
		546D7D661D53D26E0031FF90 /* Release */ = {
			isa = XCBuildConfiguration;
			baseConfigurationReference = 26996B8527A77998720B9743 /* Pods-AssassinSwift.release.xcconfig */;
			buildSettings = {
				ASSETCATALOG_COMPILER_APPICON_NAME = AppIcon;
				CLANG_ENABLE_MODULES = YES;
				CODE_SIGN_IDENTITY = "iPhone Developer";
				DEFINES_MODULE = YES;
				FRAMEWORK_SEARCH_PATHS = (
					"$(inherited)",
					"$(PROJECT_DIR)/assassin-swift",
				);
				INFOPLIST_FILE = "assassin-swift/Info.plist";
				LD_RUNPATH_SEARCH_PATHS = "$(inherited) @executable_path/Frameworks";
				OTHER_LDFLAGS = (
					"-ObjC",
					"-all_load",
				);
				PRODUCT_BUNDLE_IDENTIFIER = "com.tine.assassin-swift";
				PRODUCT_NAME = AssassinSwift;
				SWIFT_OBJC_BRIDGING_HEADER = "assassin-swift/AssassinSwift-Bridging-Header.h";
			};
			name = Release;
		};
		549964E91D56F66200F574C4 /* Debug */ = {
			isa = XCBuildConfiguration;
			buildSettings = {
				PRODUCT_NAME = "$(TARGET_NAME)";
			};
			name = Debug;
		};
		549964EA1D56F66200F574C4 /* Release */ = {
			isa = XCBuildConfiguration;
			buildSettings = {
				PRODUCT_NAME = "$(TARGET_NAME)";
			};
			name = Release;
		};
/* End XCBuildConfiguration section */

/* Begin XCConfigurationList section */
		546D7D4B1D53D26D0031FF90 /* Build configuration list for PBXProject "AssassinSwift" */ = {
			isa = XCConfigurationList;
			buildConfigurations = (
				546D7D621D53D26E0031FF90 /* Debug */,
				546D7D631D53D26E0031FF90 /* Release */,
			);
			defaultConfigurationIsVisible = 0;
			defaultConfigurationName = Release;
		};
		546D7D641D53D26E0031FF90 /* Build configuration list for PBXNativeTarget "AssassinSwift" */ = {
			isa = XCConfigurationList;
			buildConfigurations = (
				546D7D651D53D26E0031FF90 /* Debug */,
				546D7D661D53D26E0031FF90 /* Release */,
			);
			defaultConfigurationIsVisible = 0;
			defaultConfigurationName = Release;
		};
		549964E81D56F66200F574C4 /* Build configuration list for PBXAggregateTarget "Mogenerator" */ = {
			isa = XCConfigurationList;
			buildConfigurations = (
				549964E91D56F66200F574C4 /* Debug */,
				549964EA1D56F66200F574C4 /* Release */,
			);
			defaultConfigurationIsVisible = 0;
			defaultConfigurationName = Release;
		};
/* End XCConfigurationList section */

/* Begin XCVersionGroup section */
		549964F91D56F7AE00F574C4 /* AssassinSwift.xcdatamodeld */ = {
			isa = XCVersionGroup;
			children = (
				549964FA1D56F7AE00F574C4 /* AssassinSwift.xcdatamodel */,
			);
			currentVersion = 549964FA1D56F7AE00F574C4 /* AssassinSwift.xcdatamodel */;
			path = AssassinSwift.xcdatamodeld;
			sourceTree = "<group>";
			versionGroupType = wrapper.xcdatamodel;
		};
/* End XCVersionGroup section */
	};
	rootObject = 546D7D481D53D26D0031FF90 /* Project object */;
}
